// !$*UTF8*$!
{
	archiveVersion = 1;
	classes = {
	};
	objectVersion = 46;
	objects = {

/* Begin PBXBuildFile section */
		541BEE7119C9F375001D6971 /* Foundation.framework in Frameworks */ = {isa = PBXBuildFile; fileRef = 541BEE7019C9F375001D6971 /* Foundation.framework */; };
		541BEE7319C9F375001D6971 /* CoreGraphics.framework in Frameworks */ = {isa = PBXBuildFile; fileRef = 541BEE7219C9F375001D6971 /* CoreGraphics.framework */; };
		541BEE7519C9F375001D6971 /* UIKit.framework in Frameworks */ = {isa = PBXBuildFile; fileRef = 541BEE7419C9F375001D6971 /* UIKit.framework */; };
		541BEE7B19C9F375001D6971 /* InfoPlist.strings in Resources */ = {isa = PBXBuildFile; fileRef = 541BEE7919C9F375001D6971 /* InfoPlist.strings */; };
		541BEE7D19C9F375001D6971 /* main.m in Sources */ = {isa = PBXBuildFile; fileRef = 541BEE7C19C9F375001D6971 /* main.m */; };
		541BEE8119C9F375001D6971 /* BNLAppDelegate.m in Sources */ = {isa = PBXBuildFile; fileRef = 541BEE8019C9F375001D6971 /* BNLAppDelegate.m */; };
		541BEE8419C9F375001D6971 /* Main.storyboard in Resources */ = {isa = PBXBuildFile; fileRef = 541BEE8219C9F375001D6971 /* Main.storyboard */; };
		541BEE8719C9F375001D6971 /* BNLFirstViewController.m in Sources */ = {isa = PBXBuildFile; fileRef = 541BEE8619C9F375001D6971 /* BNLFirstViewController.m */; };
		541BEE8A19C9F375001D6971 /* BNLSecondViewController.m in Sources */ = {isa = PBXBuildFile; fileRef = 541BEE8919C9F375001D6971 /* BNLSecondViewController.m */; };
		541BEE8C19C9F375001D6971 /* Images.xcassets in Resources */ = {isa = PBXBuildFile; fileRef = 541BEE8B19C9F375001D6971 /* Images.xcassets */; };
		541BEE9319C9F375001D6971 /* XCTest.framework in Frameworks */ = {isa = PBXBuildFile; fileRef = 541BEE9219C9F375001D6971 /* XCTest.framework */; };
		541BEE9419C9F375001D6971 /* Foundation.framework in Frameworks */ = {isa = PBXBuildFile; fileRef = 541BEE7019C9F375001D6971 /* Foundation.framework */; };
		541BEE9519C9F375001D6971 /* UIKit.framework in Frameworks */ = {isa = PBXBuildFile; fileRef = 541BEE7419C9F375001D6971 /* UIKit.framework */; };
		541BEE9D19C9F375001D6971 /* InfoPlist.strings in Resources */ = {isa = PBXBuildFile; fileRef = 541BEE9B19C9F375001D6971 /* InfoPlist.strings */; };
		541BEE9F19C9F375001D6971 /* BNLogic_LiveTests.m in Sources */ = {isa = PBXBuildFile; fileRef = 541BEE9E19C9F375001D6971 /* BNLogic_LiveTests.m */; };
/* End PBXBuildFile section */

/* Begin PBXContainerItemProxy section */
		541BEE9619C9F375001D6971 /* PBXContainerItemProxy */ = {
			isa = PBXContainerItemProxy;
			containerPortal = 541BEE6519C9F375001D6971 /* Project object */;
			proxyType = 1;
			remoteGlobalIDString = 541BEE6C19C9F375001D6971;
			remoteInfo = "BNLogic Live";
		};
/* End PBXContainerItemProxy section */

/* Begin PBXFileReference section */
		541BEE6D19C9F375001D6971 /* BNLogic Live.app */ = {isa = PBXFileReference; explicitFileType = wrapper.application; includeInIndex = 0; path = "BNLogic Live.app"; sourceTree = BUILT_PRODUCTS_DIR; };
		541BEE7019C9F375001D6971 /* Foundation.framework */ = {isa = PBXFileReference; lastKnownFileType = wrapper.framework; name = Foundation.framework; path = System/Library/Frameworks/Foundation.framework; sourceTree = SDKROOT; };
		541BEE7219C9F375001D6971 /* CoreGraphics.framework */ = {isa = PBXFileReference; lastKnownFileType = wrapper.framework; name = CoreGraphics.framework; path = System/Library/Frameworks/CoreGraphics.framework; sourceTree = SDKROOT; };
		541BEE7419C9F375001D6971 /* UIKit.framework */ = {isa = PBXFileReference; lastKnownFileType = wrapper.framework; name = UIKit.framework; path = System/Library/Frameworks/UIKit.framework; sourceTree = SDKROOT; };
		541BEE7819C9F375001D6971 /* BNLogic Live-Info.plist */ = {isa = PBXFileReference; lastKnownFileType = text.plist.xml; path = "BNLogic Live-Info.plist"; sourceTree = "<group>"; };
		541BEE7A19C9F375001D6971 /* en */ = {isa = PBXFileReference; lastKnownFileType = text.plist.strings; name = en; path = en.lproj/InfoPlist.strings; sourceTree = "<group>"; };
		541BEE7C19C9F375001D6971 /* main.m */ = {isa = PBXFileReference; lastKnownFileType = sourcecode.c.objc; path = main.m; sourceTree = "<group>"; };
		541BEE7E19C9F375001D6971 /* BNLogic Live-Prefix.pch */ = {isa = PBXFileReference; lastKnownFileType = sourcecode.c.h; path = "BNLogic Live-Prefix.pch"; sourceTree = "<group>"; };
		541BEE7F19C9F375001D6971 /* BNLAppDelegate.h */ = {isa = PBXFileReference; lastKnownFileType = sourcecode.c.h; path = BNLAppDelegate.h; sourceTree = "<group>"; };
		541BEE8019C9F375001D6971 /* BNLAppDelegate.m */ = {isa = PBXFileReference; lastKnownFileType = sourcecode.c.objc; path = BNLAppDelegate.m; sourceTree = "<group>"; };
		541BEE8319C9F375001D6971 /* Base */ = {isa = PBXFileReference; lastKnownFileType = file.storyboard; name = Base; path = Base.lproj/Main.storyboard; sourceTree = "<group>"; };
		541BEE8519C9F375001D6971 /* BNLFirstViewController.h */ = {isa = PBXFileReference; lastKnownFileType = sourcecode.c.h; path = BNLFirstViewController.h; sourceTree = "<group>"; };
		541BEE8619C9F375001D6971 /* BNLFirstViewController.m */ = {isa = PBXFileReference; lastKnownFileType = sourcecode.c.objc; path = BNLFirstViewController.m; sourceTree = "<group>"; };
		541BEE8819C9F375001D6971 /* BNLSecondViewController.h */ = {isa = PBXFileReference; lastKnownFileType = sourcecode.c.h; path = BNLSecondViewController.h; sourceTree = "<group>"; };
		541BEE8919C9F375001D6971 /* BNLSecondViewController.m */ = {isa = PBXFileReference; lastKnownFileType = sourcecode.c.objc; path = BNLSecondViewController.m; sourceTree = "<group>"; };
		541BEE8B19C9F375001D6971 /* Images.xcassets */ = {isa = PBXFileReference; lastKnownFileType = folder.assetcatalog; path = Images.xcassets; sourceTree = "<group>"; };
		541BEE9119C9F375001D6971 /* BNLogic LiveTests.xctest */ = {isa = PBXFileReference; explicitFileType = wrapper.cfbundle; includeInIndex = 0; path = "BNLogic LiveTests.xctest"; sourceTree = BUILT_PRODUCTS_DIR; };
		541BEE9219C9F375001D6971 /* XCTest.framework */ = {isa = PBXFileReference; lastKnownFileType = wrapper.framework; name = XCTest.framework; path = Library/Frameworks/XCTest.framework; sourceTree = DEVELOPER_DIR; };
		541BEE9A19C9F375001D6971 /* BNLogic LiveTests-Info.plist */ = {isa = PBXFileReference; lastKnownFileType = text.plist.xml; path = "BNLogic LiveTests-Info.plist"; sourceTree = "<group>"; };
		541BEE9C19C9F375001D6971 /* en */ = {isa = PBXFileReference; lastKnownFileType = text.plist.strings; name = en; path = en.lproj/InfoPlist.strings; sourceTree = "<group>"; };
		541BEE9E19C9F375001D6971 /* BNLogic_LiveTests.m */ = {isa = PBXFileReference; lastKnownFileType = sourcecode.c.objc; path = BNLogic_LiveTests.m; sourceTree = "<group>"; };
/* End PBXFileReference section */

/* Begin PBXFrameworksBuildPhase section */
		541BEE6A19C9F375001D6971 /* Frameworks */ = {
			isa = PBXFrameworksBuildPhase;
			buildActionMask = 2147483647;
			files = (
				541BEE7319C9F375001D6971 /* CoreGraphics.framework in Frameworks */,
				541BEE7519C9F375001D6971 /* UIKit.framework in Frameworks */,
				541BEE7119C9F375001D6971 /* Foundation.framework in Frameworks */,
			);
			runOnlyForDeploymentPostprocessing = 0;
		};
		541BEE8E19C9F375001D6971 /* Frameworks */ = {
			isa = PBXFrameworksBuildPhase;
			buildActionMask = 2147483647;
			files = (
				541BEE9319C9F375001D6971 /* XCTest.framework in Frameworks */,
				541BEE9519C9F375001D6971 /* UIKit.framework in Frameworks */,
				541BEE9419C9F375001D6971 /* Foundation.framework in Frameworks */,
			);
			runOnlyForDeploymentPostprocessing = 0;
		};
/* End PBXFrameworksBuildPhase section */

/* Begin PBXGroup section */
		541BEE6419C9F375001D6971 = {
			isa = PBXGroup;
			children = (
				541BEE7619C9F375001D6971 /* BNLogic Live */,
				541BEE9819C9F375001D6971 /* BNLogic LiveTests */,
				541BEE6F19C9F375001D6971 /* Frameworks */,
				541BEE6E19C9F375001D6971 /* Products */,
			);
			sourceTree = "<group>";
		};
		541BEE6E19C9F375001D6971 /* Products */ = {
			isa = PBXGroup;
			children = (
				541BEE6D19C9F375001D6971 /* BNLogic Live.app */,
				541BEE9119C9F375001D6971 /* BNLogic LiveTests.xctest */,
			);
			name = Products;
			sourceTree = "<group>";
		};
		541BEE6F19C9F375001D6971 /* Frameworks */ = {
			isa = PBXGroup;
			children = (
				541BEE7019C9F375001D6971 /* Foundation.framework */,
				541BEE7219C9F375001D6971 /* CoreGraphics.framework */,
				541BEE7419C9F375001D6971 /* UIKit.framework */,
				541BEE9219C9F375001D6971 /* XCTest.framework */,
			);
			name = Frameworks;
			sourceTree = "<group>";
		};
		541BEE7619C9F375001D6971 /* BNLogic Live */ = {
			isa = PBXGroup;
			children = (
				541BEE7F19C9F375001D6971 /* BNLAppDelegate.h */,
				541BEE8019C9F375001D6971 /* BNLAppDelegate.m */,
				541BEE8219C9F375001D6971 /* Main.storyboard */,
				541BEE8519C9F375001D6971 /* BNLFirstViewController.h */,
				541BEE8619C9F375001D6971 /* BNLFirstViewController.m */,
				541BEE8819C9F375001D6971 /* BNLSecondViewController.h */,
				541BEE8919C9F375001D6971 /* BNLSecondViewController.m */,
				541BEE8B19C9F375001D6971 /* Images.xcassets */,
				541BEE7719C9F375001D6971 /* Supporting Files */,
			);
			path = "BNLogic Live";
			sourceTree = "<group>";
		};
		541BEE7719C9F375001D6971 /* Supporting Files */ = {
			isa = PBXGroup;
			children = (
				541BEE7819C9F375001D6971 /* BNLogic Live-Info.plist */,
				541BEE7919C9F375001D6971 /* InfoPlist.strings */,
				541BEE7C19C9F375001D6971 /* main.m */,
				541BEE7E19C9F375001D6971 /* BNLogic Live-Prefix.pch */,
			);
			name = "Supporting Files";
			sourceTree = "<group>";
		};
		541BEE9819C9F375001D6971 /* BNLogic LiveTests */ = {
			isa = PBXGroup;
			children = (
				541BEE9E19C9F375001D6971 /* BNLogic_LiveTests.m */,
				541BEE9919C9F375001D6971 /* Supporting Files */,
			);
			path = "BNLogic LiveTests";
			sourceTree = "<group>";
		};
		541BEE9919C9F375001D6971 /* Supporting Files */ = {
			isa = PBXGroup;
			children = (
				541BEE9A19C9F375001D6971 /* BNLogic LiveTests-Info.plist */,
				541BEE9B19C9F375001D6971 /* InfoPlist.strings */,
			);
			name = "Supporting Files";
			sourceTree = "<group>";
		};
/* End PBXGroup section */

/* Begin PBXNativeTarget section */
		541BEE6C19C9F375001D6971 /* BNLogic Live */ = {
			isa = PBXNativeTarget;
			buildConfigurationList = 541BEEA219C9F375001D6971 /* Build configuration list for PBXNativeTarget "BNLogic Live" */;
			buildPhases = (
				541BEE6919C9F375001D6971 /* Sources */,
				541BEE6A19C9F375001D6971 /* Frameworks */,
				541BEE6B19C9F375001D6971 /* Resources */,
			);
			buildRules = (
			);
			dependencies = (
			);
			name = "BNLogic Live";
			productName = "BNLogic Live";
			productReference = 541BEE6D19C9F375001D6971 /* BNLogic Live.app */;
			productType = "com.apple.product-type.application";
		};
		541BEE9019C9F375001D6971 /* BNLogic LiveTests */ = {
			isa = PBXNativeTarget;
			buildConfigurationList = 541BEEA519C9F375001D6971 /* Build configuration list for PBXNativeTarget "BNLogic LiveTests" */;
			buildPhases = (
				541BEE8D19C9F375001D6971 /* Sources */,
				541BEE8E19C9F375001D6971 /* Frameworks */,
				541BEE8F19C9F375001D6971 /* Resources */,
			);
			buildRules = (
			);
			dependencies = (
				541BEE9719C9F375001D6971 /* PBXTargetDependency */,
			);
			name = "BNLogic LiveTests";
			productName = "BNLogic LiveTests";
			productReference = 541BEE9119C9F375001D6971 /* BNLogic LiveTests.xctest */;
			productType = "com.apple.product-type.bundle.unit-test";
		};
/* End PBXNativeTarget section */

/* Begin PBXProject section */
		541BEE6519C9F375001D6971 /* Project object */ = {
			isa = PBXProject;
			attributes = {
				CLASSPREFIX = BNL;
				LastUpgradeCheck = 0510;
				ORGANIZATIONNAME = "Calgah computer system";
				TargetAttributes = {
					541BEE9019C9F375001D6971 = {
						TestTargetID = 541BEE6C19C9F375001D6971;
					};
				};
			};
			buildConfigurationList = 541BEE6819C9F375001D6971 /* Build configuration list for PBXProject "BNLogic Live" */;
			compatibilityVersion = "Xcode 3.2";
			developmentRegion = English;
			hasScannedForEncodings = 0;
			knownRegions = (
				en,
				Base,
			);
			mainGroup = 541BEE6419C9F375001D6971;
			productRefGroup = 541BEE6E19C9F375001D6971 /* Products */;
			projectDirPath = "";
			projectRoot = "";
			targets = (
				541BEE6C19C9F375001D6971 /* BNLogic Live */,
				541BEE9019C9F375001D6971 /* BNLogic LiveTests */,
			);
		};
/* End PBXProject section */

/* Begin PBXResourcesBuildPhase section */
		541BEE6B19C9F375001D6971 /* Resources */ = {
			isa = PBXResourcesBuildPhase;
			buildActionMask = 2147483647;
			files = (
				541BEE8C19C9F375001D6971 /* Images.xcassets in Resources */,
				541BEE7B19C9F375001D6971 /* InfoPlist.strings in Resources */,
				541BEE8419C9F375001D6971 /* Main.storyboard in Resources */,
			);
			runOnlyForDeploymentPostprocessing = 0;
		};
		541BEE8F19C9F375001D6971 /* Resources */ = {
			isa = PBXResourcesBuildPhase;
			buildActionMask = 2147483647;
			files = (
				541BEE9D19C9F375001D6971 /* InfoPlist.strings in Resources */,
			);
			runOnlyForDeploymentPostprocessing = 0;
		};
/* End PBXResourcesBuildPhase section */

/* Begin PBXSourcesBuildPhase section */
		541BEE6919C9F375001D6971 /* Sources */ = {
			isa = PBXSourcesBuildPhase;
			buildActionMask = 2147483647;
			files = (
				541BEE7D19C9F375001D6971 /* main.m in Sources */,
				541BEE8119C9F375001D6971 /* BNLAppDelegate.m in Sources */,
				541BEE8719C9F375001D6971 /* BNLFirstViewController.m in Sources */,
				541BEE8A19C9F375001D6971 /* BNLSecondViewController.m in Sources */,
			);
			runOnlyForDeploymentPostprocessing = 0;
		};
		541BEE8D19C9F375001D6971 /* Sources */ = {
			isa = PBXSourcesBuildPhase;
			buildActionMask = 2147483647;
			files = (
				541BEE9F19C9F375001D6971 /* BNLogic_LiveTests.m in Sources */,
			);
			runOnlyForDeploymentPostprocessing = 0;
		};
/* End PBXSourcesBuildPhase section */

/* Begin PBXTargetDependency section */
		541BEE9719C9F375001D6971 /* PBXTargetDependency */ = {
			isa = PBXTargetDependency;
			target = 541BEE6C19C9F375001D6971 /* BNLogic Live */;
			targetProxy = 541BEE9619C9F375001D6971 /* PBXContainerItemProxy */;
		};
/* End PBXTargetDependency section */

/* Begin PBXVariantGroup section */
		541BEE7919C9F375001D6971 /* InfoPlist.strings */ = {
			isa = PBXVariantGroup;
			children = (
				541BEE7A19C9F375001D6971 /* en */,
			);
			name = InfoPlist.strings;
			sourceTree = "<group>";
		};
		541BEE8219C9F375001D6971 /* Main.storyboard */ = {
			isa = PBXVariantGroup;
			children = (
				541BEE8319C9F375001D6971 /* Base */,
			);
			name = Main.storyboard;
			sourceTree = "<group>";
		};
		541BEE9B19C9F375001D6971 /* InfoPlist.strings */ = {
			isa = PBXVariantGroup;
			children = (
				541BEE9C19C9F375001D6971 /* en */,
			);
			name = InfoPlist.strings;
			sourceTree = "<group>";
		};
/* End PBXVariantGroup section */

/* Begin XCBuildConfiguration section */
		541BEEA019C9F375001D6971 /* Debug */ = {
			isa = XCBuildConfiguration;
			buildSettings = {
				ALWAYS_SEARCH_USER_PATHS = NO;
				CLANG_CXX_LANGUAGE_STANDARD = "gnu++0x";
				CLANG_CXX_LIBRARY = "libc++";
				CLANG_ENABLE_MODULES = YES;
				CLANG_ENABLE_OBJC_ARC = YES;
				CLANG_WARN_BOOL_CONVERSION = YES;
				CLANG_WARN_CONSTANT_CONVERSION = YES;
				CLANG_WARN_DIRECT_OBJC_ISA_USAGE = YES_ERROR;
				CLANG_WARN_EMPTY_BODY = YES;
				CLANG_WARN_ENUM_CONVERSION = YES;
				CLANG_WARN_INT_CONVERSION = YES;
				CLANG_WARN_OBJC_ROOT_CLASS = YES_ERROR;
				CLANG_WARN__DUPLICATE_METHOD_MATCH = YES;
				"CODE_SIGN_IDENTITY[sdk=iphoneos*]" = "iPhone Developer";
				COPY_PHASE_STRIP = NO;
				GCC_C_LANGUAGE_STANDARD = gnu99;
				GCC_DYNAMIC_NO_PIC = NO;
				GCC_OPTIMIZATION_LEVEL = 0;
				GCC_PREPROCESSOR_DEFINITIONS = (
					"DEBUG=1",
					"$(inherited)",
				);
				GCC_SYMBOLS_PRIVATE_EXTERN = NO;
				GCC_WARN_64_TO_32_BIT_CONVERSION = YES;
				GCC_WARN_ABOUT_RETURN_TYPE = YES_ERROR;
				GCC_WARN_UNDECLARED_SELECTOR = YES;
				GCC_WARN_UNINITIALIZED_AUTOS = YES_AGGRESSIVE;
				GCC_WARN_UNUSED_FUNCTION = YES;
				GCC_WARN_UNUSED_VARIABLE = YES;
				IPHONEOS_DEPLOYMENT_TARGET = 7.1;
				ONLY_ACTIVE_ARCH = YES;
				SDKROOT = iphoneos;
			};
			name = Debug;
		};
		541BEEA119C9F375001D6971 /* Release */ = {
			isa = XCBuildConfiguration;
			buildSettings = {
				ALWAYS_SEARCH_USER_PATHS = NO;
				CLANG_CXX_LANGUAGE_STANDARD = "gnu++0x";
				CLANG_CXX_LIBRARY = "libc++";
				CLANG_ENABLE_MODULES = YES;
				CLANG_ENABLE_OBJC_ARC = YES;
				CLANG_WARN_BOOL_CONVERSION = YES;
				CLANG_WARN_CONSTANT_CONVERSION = YES;
				CLANG_WARN_DIRECT_OBJC_ISA_USAGE = YES_ERROR;
				CLANG_WARN_EMPTY_BODY = YES;
				CLANG_WARN_ENUM_CONVERSION = YES;
				CLANG_WARN_INT_CONVERSION = YES;
				CLANG_WARN_OBJC_ROOT_CLASS = YES_ERROR;
				CLANG_WARN__DUPLICATE_METHOD_MATCH = YES;
				"CODE_SIGN_IDENTITY[sdk=iphoneos*]" = "iPhone Developer";
				COPY_PHASE_STRIP = YES;
				ENABLE_NS_ASSERTIONS = NO;
				GCC_C_LANGUAGE_STANDARD = gnu99;
				GCC_WARN_64_TO_32_BIT_CONVERSION = YES;
				GCC_WARN_ABOUT_RETURN_TYPE = YES_ERROR;
				GCC_WARN_UNDECLARED_SELECTOR = YES;
				GCC_WARN_UNINITIALIZED_AUTOS = YES_AGGRESSIVE;
				GCC_WARN_UNUSED_FUNCTION = YES;
				GCC_WARN_UNUSED_VARIABLE = YES;
				IPHONEOS_DEPLOYMENT_TARGET = 7.1;
				SDKROOT = iphoneos;
				VALIDATE_PRODUCT = YES;
			};
			name = Release;
		};
		541BEEA319C9F375001D6971 /* Debug */ = {
			isa = XCBuildConfiguration;
			buildSettings = {
				ASSETCATALOG_COMPILER_APPICON_NAME = AppIcon;
				ASSETCATALOG_COMPILER_LAUNCHIMAGE_NAME = LaunchImage;
				GCC_PRECOMPILE_PREFIX_HEADER = YES;
				GCC_PREFIX_HEADER = "BNLogic Live/BNLogic Live-Prefix.pch";
				INFOPLIST_FILE = "BNLogic Live/BNLogic Live-Info.plist";
				PRODUCT_NAME = "$(TARGET_NAME)";
				WRAPPER_EXTENSION = app;
			};
			name = Debug;
		};
		541BEEA419C9F375001D6971 /* Release */ = {
			isa = XCBuildConfiguration;
			buildSettings = {
				ASSETCATALOG_COMPILER_APPICON_NAME = AppIcon;
				ASSETCATALOG_COMPILER_LAUNCHIMAGE_NAME = LaunchImage;
				GCC_PRECOMPILE_PREFIX_HEADER = YES;
				GCC_PREFIX_HEADER = "BNLogic Live/BNLogic Live-Prefix.pch";
				INFOPLIST_FILE = "BNLogic Live/BNLogic Live-Info.plist";
				PRODUCT_NAME = "$(TARGET_NAME)";
				WRAPPER_EXTENSION = app;
			};
			name = Release;
		};
		541BEEA619C9F375001D6971 /* Debug */ = {
			isa = XCBuildConfiguration;
			buildSettings = {
				BUNDLE_LOADER = "$(BUILT_PRODUCTS_DIR)/BNLogic Live.app/BNLogic Live";
				FRAMEWORK_SEARCH_PATHS = (
					"$(SDKROOT)/Developer/Library/Frameworks",
					"$(inherited)",
					"$(DEVELOPER_FRAMEWORKS_DIR)",
				);
				GCC_PRECOMPILE_PREFIX_HEADER = YES;
				GCC_PREFIX_HEADER = "BNLogic Live/BNLogic Live-Prefix.pch";
				GCC_PREPROCESSOR_DEFINITIONS = (
					"DEBUG=1",
					"$(inherited)",
				);
				INFOPLIST_FILE = "BNLogic LiveTests/BNLogic LiveTests-Info.plist";
				PRODUCT_NAME = "$(TARGET_NAME)";
				TEST_HOST = "$(BUNDLE_LOADER)";
				WRAPPER_EXTENSION = xctest;
			};
			name = Debug;
		};
		541BEEA719C9F375001D6971 /* Release */ = {
			isa = XCBuildConfiguration;
			buildSettings = {
				BUNDLE_LOADER = "$(BUILT_PRODUCTS_DIR)/BNLogic Live.app/BNLogic Live";
				FRAMEWORK_SEARCH_PATHS = (
					"$(SDKROOT)/Developer/Library/Frameworks",
					"$(inherited)",
					"$(DEVELOPER_FRAMEWORKS_DIR)",
				);
				GCC_PRECOMPILE_PREFIX_HEADER = YES;
				GCC_PREFIX_HEADER = "BNLogic Live/BNLogic Live-Prefix.pch";
				INFOPLIST_FILE = "BNLogic LiveTests/BNLogic LiveTests-Info.plist";
				PRODUCT_NAME = "$(TARGET_NAME)";
				TEST_HOST = "$(BUNDLE_LOADER)";
				WRAPPER_EXTENSION = xctest;
			};
			name = Release;
		};
/* End XCBuildConfiguration section */

/* Begin XCConfigurationList section */
		541BEE6819C9F375001D6971 /* Build configuration list for PBXProject "BNLogic Live" */ = {
			isa = XCConfigurationList;
			buildConfigurations = (
				541BEEA019C9F375001D6971 /* Debug */,
				541BEEA119C9F375001D6971 /* Release */,
			);
			defaultConfigurationIsVisible = 0;
			defaultConfigurationName = Release;
		};
		541BEEA219C9F375001D6971 /* Build configuration list for PBXNativeTarget "BNLogic Live" */ = {
			isa = XCConfigurationList;
			buildConfigurations = (
				541BEEA319C9F375001D6971 /* Debug */,
				541BEEA419C9F375001D6971 /* Release */,
			);
			defaultConfigurationIsVisible = 0;
		};
		541BEEA519C9F375001D6971 /* Build configuration list for PBXNativeTarget "BNLogic LiveTests" */ = {
			isa = XCConfigurationList;
			buildConfigurations = (
				541BEEA619C9F375001D6971 /* Debug */,
				541BEEA719C9F375001D6971 /* Release */,
			);
			defaultConfigurationIsVisible = 0;
		};
/* End XCConfigurationList section */
	};
	rootObject = 541BEE6519C9F375001D6971 /* Project object */;
}
